
Microsoft Visual Studio Solution File, Format Version 12.00
# Visual Studio 15
VisualStudioVersion = 15.0.27004.2005
MinimumVisualStudioVersion = 10.0.40219.1
Project("{8BC9CEB8-8B4A-11D0-8D11-00A0C91BC942}") = "AtCoder_Beginner_029_A", "AtCoder_Beginner_029_A\AtCoder_Beginner_029_A.vcxproj", "{63A4396D-732D-4030-A733-257CA7C9AA99}"
EndProject
Global
	GlobalSection(SolutionConfigurationPlatforms) = preSolution
		Debug|x64 = Debug|x64
		Debug|x86 = Debug|x86
		Release|x64 = Release|x64
		Release|x86 = Release|x86
	EndGlobalSection
	GlobalSection(ProjectConfigurationPlatforms) = postSolution
		{63A4396D-732D-4030-A733-257CA7C9AA99}.Debug|x64.ActiveCfg = Debug|x64
		{63A4396D-732D-4030-A733-257CA7C9AA99}.Debug|x64.Build.0 = Debug|x64
		{63A4396D-732D-4030-A733-257CA7C9AA99}.Debug|x86.ActiveCfg = Debug|Win32
		{63A4396D-732D-4030-A733-257CA7C9AA99}.Debug|x86.Build.0 = Debug|Win32
		{63A4396D-732D-4030-A733-257CA7C9AA99}.Release|x64.ActiveCfg = Release|x64
		{63A4396D-732D-4030-A733-257CA7C9AA99}.Release|x64.Build.0 = Release|x64
		{63A4396D-732D-4030-A733-257CA7C9AA99}.Release|x86.ActiveCfg = Release|Win32
		{63A4396D-732D-4030-A733-257CA7C9AA99}.Release|x86.Build.0 = Release|Win32
	EndGlobalSection
	GlobalSection(SolutionProperties) = preSolution
		HideSolutionNode = FALSE
	EndGlobalSection
	GlobalSection(ExtensibilityGlobals) = postSolution
		SolutionGuid = {D8C4C38C-2436-466C-91F1-E08EF44D84D3}
	EndGlobalSection
EndGlobal
